
Microsoft Visual Studio Solution File, Format Version 12.00
# Visual Studio 15
VisualStudioVersion = 15.0.28307.106
MinimumVisualStudioVersion = 10.0.40219.1
Project("{2150E333-8FDC-42A3-9474-1A3956D46DE8}") = "0-ClientSDK", "0-ClientSDK", "{DAF78E6E-8E0B-4C2B-8904-0F0852AB8E69}"
EndProject
Project("{2150E333-8FDC-42A3-9474-1A3956D46DE8}") = "1-Presentation", "1-Presentation", "{654015F5-EC73-49D9-A4FC-3D6052CE77D3}"
EndProject
Project("{2150E333-8FDC-42A3-9474-1A3956D46DE8}") = "2-Application", "2-Application", "{424F6161-D1A1-4CC5-84D5-62496F159B35}"
EndProject
Project("{2150E333-8FDC-42A3-9474-1A3956D46DE8}") = "3-Domain", "3-Domain", "{DE899785-BEC7-4E6D-91CF-301D4179167B}"
EndProject
Project("{2150E333-8FDC-42A3-9474-1A3956D46DE8}") = "4-Data", "4-Data", "{6EF67BED-12F3-461E-B09A-37F418E739E7}"
EndProject
Project("{2150E333-8FDC-42A3-9474-1A3956D46DE8}") = "5-Infrastucture.CrossCutting", "5-Infrastucture.CrossCutting", "{CC560F2C-D052-4AE7-954A-F2A55EAC243A}"
EndProject
Project("{2150E333-8FDC-42A3-9474-1A3956D46DE8}") = "Tests", "Tests", "{A62D7387-E86D-4907-87BC-D5475F5FEC3D}"
EndProject
Project("{2150E333-8FDC-42A3-9474-1A3956D46DE8}") = "Tests", "Tests", "{D607581D-491F-424B-A09A-BD0223D865A1}"
EndProject
Project("{9A19103F-16F7-4668-BE54-9A1E7A4F7556}") = "TurnItUpWebApi", "1-Presentation\TurnItUpWebApi\TurnItUpWebApi.csproj", "{61D6B704-CC08-4A0E-BD90-577C202722D2}"
EndProject
Project("{2150E333-8FDC-42A3-9474-1A3956D46DE8}") = "Tests", "Tests", "{2ADB3D64-2102-444E-A1FE-7B6409A24CBC}"
EndProject
Project("{2150E333-8FDC-42A3-9474-1A3956D46DE8}") = "Tests", "Tests", "{C604F141-4E59-4269-BE32-10509EC4DACF}"
EndProject
Project("{2150E333-8FDC-42A3-9474-1A3956D46DE8}") = "Tests", "Tests", "{91E8BD81-45A4-42CD-B52A-6BC66810E03B}"
EndProject
Project("{2150E333-8FDC-42A3-9474-1A3956D46DE8}") = "Tests", "Tests", "{384B14F7-1E26-4484-818B-F4F1F3BB191B}"
EndProject
Project("{9A19103F-16F7-4668-BE54-9A1E7A4F7556}") = "ClientSDK", "ClassLibrary1\ClientSDK.csproj", "{48C2907E-3459-445F-AB3E-7B53E748C387}"
EndProject
Project("{9A19103F-16F7-4668-BE54-9A1E7A4F7556}") = "ClientSDK.Tests", "ClientSDK.Tests\ClientSDK.Tests.csproj", "{F3922EEF-07A1-4361-9F35-60DB05CED087}"
EndProject
Project("{9A19103F-16F7-4668-BE54-9A1E7A4F7556}") = "TurnItUpWebApi.Tests", "TurnItUpWebApi.Tests\TurnItUpWebApi.Tests.csproj", "{9C4A4C97-E6A6-44A3-90EB-E32A43A7DE73}"
EndProject
Project("{9A19103F-16F7-4668-BE54-9A1E7A4F7556}") = "Application.Dto", "Application.Dto\Application.Dto.csproj", "{E647D7EB-77BF-4369-B771-F5BFC9854C6F}"
EndProject
Project("{9A19103F-16F7-4668-BE54-9A1E7A4F7556}") = "Application.Services", "Application.Services\Application.Services.csproj", "{EA8C271F-A8F4-4E4D-A5E0-722C533BF7CF}"
EndProject
Project("{9A19103F-16F7-4668-BE54-9A1E7A4F7556}") = "Application.Requests", "Application.Requests\Application.Requests.csproj", "{130921D4-B636-4405-A8DB-BFA464A6BB67}"
EndProject
Project("{9A19103F-16F7-4668-BE54-9A1E7A4F7556}") = "Domain.Model", "Domain.Model\Domain.Model.csproj", "{842B6F5A-7A62-4A38-B4C2-E0FC2F6EDF14}"
EndProject
Project("{9A19103F-16F7-4668-BE54-9A1E7A4F7556}") = "Domain.Core", "Domain.Core\Domain.Core.csproj", "{8390CC7F-0659-4AB9-9A02-7090A63C9058}"
EndProject
Project("{9A19103F-16F7-4668-BE54-9A1E7A4F7556}") = "Data.Repository", "Data.Repository\Data.Repository.csproj", "{547C6405-E398-4D53-B554-B1D24546DAFA}"
EndProject
Project("{9A19103F-16F7-4668-BE54-9A1E7A4F7556}") = "Data.Gateway", "Data.Gateway\Data.Gateway.csproj", "{A40D9B51-DCBD-43D7-964A-0FCC06DD3621}"
EndProject
Project("{9A19103F-16F7-4668-BE54-9A1E7A4F7556}") = "Infrastructure.CrossCutting", "Infrastructure.CrossCutting\Infrastructure.CrossCutting.csproj", "{317B445E-7391-4EF9-9575-34BB1FE03B99}"
EndProject
Project("{2150E333-8FDC-42A3-9474-1A3956D46DE8}") = "Deploy", "Deploy", "{7D50B50F-726C-488E-8858-9C28E3840D0F}"
EndProject
Project("{2150E333-8FDC-42A3-9474-1A3956D46DE8}") = "Scripts", "Scripts", "{4094D0FB-77D3-47F6-9318-25557BCB341B}"
	ProjectSection(SolutionItems) = preProject
		01- ListOfCountries.sql = 01- ListOfCountries.sql
		02 - Add Cities from Portugal.sql = 02 - Add Cities from Portugal.sql
		03- Portugal locations.sql = 03- Portugal locations.sql
		04-Initial prices from 1 to 50.sql = 04-Initial prices from 1 to 50.sql
		05- Initial ages from 5 to 99.sql = 05- Initial ages from 5 to 99.sql
		06-Ratings.sql = 06-Ratings.sql
		07-Initial event states.sql = 07-Initial event states.sql
	EndProjectSection
EndProject
Global
	GlobalSection(SolutionConfigurationPlatforms) = preSolution
		Debug|Any CPU = Debug|Any CPU
		Release|Any CPU = Release|Any CPU
	EndGlobalSection
	GlobalSection(ProjectConfigurationPlatforms) = postSolution
		{61D6B704-CC08-4A0E-BD90-577C202722D2}.Debug|Any CPU.ActiveCfg = Debug|Any CPU
		{61D6B704-CC08-4A0E-BD90-577C202722D2}.Debug|Any CPU.Build.0 = Debug|Any CPU
		{61D6B704-CC08-4A0E-BD90-577C202722D2}.Release|Any CPU.ActiveCfg = Release|Any CPU
		{61D6B704-CC08-4A0E-BD90-577C202722D2}.Release|Any CPU.Build.0 = Release|Any CPU
		{48C2907E-3459-445F-AB3E-7B53E748C387}.Debug|Any CPU.ActiveCfg = Debug|Any CPU
		{48C2907E-3459-445F-AB3E-7B53E748C387}.Debug|Any CPU.Build.0 = Debug|Any CPU
		{48C2907E-3459-445F-AB3E-7B53E748C387}.Release|Any CPU.ActiveCfg = Release|Any CPU
		{48C2907E-3459-445F-AB3E-7B53E748C387}.Release|Any CPU.Build.0 = Release|Any CPU
		{F3922EEF-07A1-4361-9F35-60DB05CED087}.Debug|Any CPU.ActiveCfg = Debug|Any CPU
		{F3922EEF-07A1-4361-9F35-60DB05CED087}.Debug|Any CPU.Build.0 = Debug|Any CPU
		{F3922EEF-07A1-4361-9F35-60DB05CED087}.Release|Any CPU.ActiveCfg = Release|Any CPU
		{F3922EEF-07A1-4361-9F35-60DB05CED087}.Release|Any CPU.Build.0 = Release|Any CPU
		{9C4A4C97-E6A6-44A3-90EB-E32A43A7DE73}.Debug|Any CPU.ActiveCfg = Debug|Any CPU
		{9C4A4C97-E6A6-44A3-90EB-E32A43A7DE73}.Debug|Any CPU.Build.0 = Debug|Any CPU
		{9C4A4C97-E6A6-44A3-90EB-E32A43A7DE73}.Release|Any CPU.ActiveCfg = Release|Any CPU
		{9C4A4C97-E6A6-44A3-90EB-E32A43A7DE73}.Release|Any CPU.Build.0 = Release|Any CPU
		{E647D7EB-77BF-4369-B771-F5BFC9854C6F}.Debug|Any CPU.ActiveCfg = Debug|Any CPU
		{E647D7EB-77BF-4369-B771-F5BFC9854C6F}.Debug|Any CPU.Build.0 = Debug|Any CPU
		{E647D7EB-77BF-4369-B771-F5BFC9854C6F}.Release|Any CPU.ActiveCfg = Release|Any CPU
		{E647D7EB-77BF-4369-B771-F5BFC9854C6F}.Release|Any CPU.Build.0 = Release|Any CPU
		{EA8C271F-A8F4-4E4D-A5E0-722C533BF7CF}.Debug|Any CPU.ActiveCfg = Debug|Any CPU
		{EA8C271F-A8F4-4E4D-A5E0-722C533BF7CF}.Debug|Any CPU.Build.0 = Debug|Any CPU
		{EA8C271F-A8F4-4E4D-A5E0-722C533BF7CF}.Release|Any CPU.ActiveCfg = Release|Any CPU
		{EA8C271F-A8F4-4E4D-A5E0-722C533BF7CF}.Release|Any CPU.Build.0 = Release|Any CPU
		{130921D4-B636-4405-A8DB-BFA464A6BB67}.Debug|Any CPU.ActiveCfg = Debug|Any CPU
		{130921D4-B636-4405-A8DB-BFA464A6BB67}.Debug|Any CPU.Build.0 = Debug|Any CPU
		{130921D4-B636-4405-A8DB-BFA464A6BB67}.Release|Any CPU.ActiveCfg = Release|Any CPU
		{130921D4-B636-4405-A8DB-BFA464A6BB67}.Release|Any CPU.Build.0 = Release|Any CPU
		{842B6F5A-7A62-4A38-B4C2-E0FC2F6EDF14}.Debug|Any CPU.ActiveCfg = Debug|Any CPU
		{842B6F5A-7A62-4A38-B4C2-E0FC2F6EDF14}.Debug|Any CPU.Build.0 = Debug|Any CPU
		{842B6F5A-7A62-4A38-B4C2-E0FC2F6EDF14}.Release|Any CPU.ActiveCfg = Release|Any CPU
		{842B6F5A-7A62-4A38-B4C2-E0FC2F6EDF14}.Release|Any CPU.Build.0 = Release|Any CPU
		{8390CC7F-0659-4AB9-9A02-7090A63C9058}.Debug|Any CPU.ActiveCfg = Debug|Any CPU
		{8390CC7F-0659-4AB9-9A02-7090A63C9058}.Debug|Any CPU.Build.0 = Debug|Any CPU
		{8390CC7F-0659-4AB9-9A02-7090A63C9058}.Release|Any CPU.ActiveCfg = Release|Any CPU
		{8390CC7F-0659-4AB9-9A02-7090A63C9058}.Release|Any CPU.Build.0 = Release|Any CPU
		{547C6405-E398-4D53-B554-B1D24546DAFA}.Debug|Any CPU.ActiveCfg = Debug|Any CPU
		{547C6405-E398-4D53-B554-B1D24546DAFA}.Debug|Any CPU.Build.0 = Debug|Any CPU
		{547C6405-E398-4D53-B554-B1D24546DAFA}.Release|Any CPU.ActiveCfg = Release|Any CPU
		{547C6405-E398-4D53-B554-B1D24546DAFA}.Release|Any CPU.Build.0 = Release|Any CPU
		{A40D9B51-DCBD-43D7-964A-0FCC06DD3621}.Debug|Any CPU.ActiveCfg = Debug|Any CPU
		{A40D9B51-DCBD-43D7-964A-0FCC06DD3621}.Debug|Any CPU.Build.0 = Debug|Any CPU
		{A40D9B51-DCBD-43D7-964A-0FCC06DD3621}.Release|Any CPU.ActiveCfg = Release|Any CPU
		{A40D9B51-DCBD-43D7-964A-0FCC06DD3621}.Release|Any CPU.Build.0 = Release|Any CPU
		{317B445E-7391-4EF9-9575-34BB1FE03B99}.Debug|Any CPU.ActiveCfg = Debug|Any CPU
		{317B445E-7391-4EF9-9575-34BB1FE03B99}.Debug|Any CPU.Build.0 = Debug|Any CPU
		{317B445E-7391-4EF9-9575-34BB1FE03B99}.Release|Any CPU.ActiveCfg = Release|Any CPU
		{317B445E-7391-4EF9-9575-34BB1FE03B99}.Release|Any CPU.Build.0 = Release|Any CPU
	EndGlobalSection
	GlobalSection(SolutionProperties) = preSolution
		HideSolutionNode = FALSE
	EndGlobalSection
	GlobalSection(NestedProjects) = preSolution
		{A62D7387-E86D-4907-87BC-D5475F5FEC3D} = {DAF78E6E-8E0B-4C2B-8904-0F0852AB8E69}
		{D607581D-491F-424B-A09A-BD0223D865A1} = {654015F5-EC73-49D9-A4FC-3D6052CE77D3}
		{61D6B704-CC08-4A0E-BD90-577C202722D2} = {654015F5-EC73-49D9-A4FC-3D6052CE77D3}
		{2ADB3D64-2102-444E-A1FE-7B6409A24CBC} = {424F6161-D1A1-4CC5-84D5-62496F159B35}
		{C604F141-4E59-4269-BE32-10509EC4DACF} = {DE899785-BEC7-4E6D-91CF-301D4179167B}
		{91E8BD81-45A4-42CD-B52A-6BC66810E03B} = {6EF67BED-12F3-461E-B09A-37F418E739E7}
		{384B14F7-1E26-4484-818B-F4F1F3BB191B} = {CC560F2C-D052-4AE7-954A-F2A55EAC243A}
		{48C2907E-3459-445F-AB3E-7B53E748C387} = {DAF78E6E-8E0B-4C2B-8904-0F0852AB8E69}
		{F3922EEF-07A1-4361-9F35-60DB05CED087} = {D607581D-491F-424B-A09A-BD0223D865A1}
		{9C4A4C97-E6A6-44A3-90EB-E32A43A7DE73} = {A62D7387-E86D-4907-87BC-D5475F5FEC3D}
		{E647D7EB-77BF-4369-B771-F5BFC9854C6F} = {424F6161-D1A1-4CC5-84D5-62496F159B35}
		{EA8C271F-A8F4-4E4D-A5E0-722C533BF7CF} = {424F6161-D1A1-4CC5-84D5-62496F159B35}
		{130921D4-B636-4405-A8DB-BFA464A6BB67} = {424F6161-D1A1-4CC5-84D5-62496F159B35}
		{842B6F5A-7A62-4A38-B4C2-E0FC2F6EDF14} = {DE899785-BEC7-4E6D-91CF-301D4179167B}
		{8390CC7F-0659-4AB9-9A02-7090A63C9058} = {DE899785-BEC7-4E6D-91CF-301D4179167B}
		{547C6405-E398-4D53-B554-B1D24546DAFA} = {6EF67BED-12F3-461E-B09A-37F418E739E7}
		{A40D9B51-DCBD-43D7-964A-0FCC06DD3621} = {6EF67BED-12F3-461E-B09A-37F418E739E7}
		{317B445E-7391-4EF9-9575-34BB1FE03B99} = {CC560F2C-D052-4AE7-954A-F2A55EAC243A}
		{4094D0FB-77D3-47F6-9318-25557BCB341B} = {7D50B50F-726C-488E-8858-9C28E3840D0F}
	EndGlobalSection
	GlobalSection(ExtensibilityGlobals) = postSolution
		SolutionGuid = {4455D8C3-23AE-4639-A733-262C9BCFE3D2}
	EndGlobalSection
EndGlobal
